
Microsoft Visual Studio Solution File, Format Version 12.00
# Visual Studio Version 17
VisualStudioVersion = 17.9.34701.34
MinimumVisualStudioVersion = 10.0.40219.1
Project("{9A19103F-16F7-4668-BE54-9A1E7A4F7556}") = "Exercicio01.ConsoleApp", "Exercicio01.ConsoleApp\Exercicio01.ConsoleApp.csproj", "{91CB8AD9-0FF6-4F7D-8094-39670493B475}"
EndProject
Project("{9A19103F-16F7-4668-BE54-9A1E7A4F7556}") = "Exercicio02.ConsoleApp", "Exercicio02.ConsoleApp\Exercicio02.ConsoleApp.csproj", "{9E2DEA6C-890D-4D2F-9DF0-EB0CF0E36A54}"
EndProject
Project("{9A19103F-16F7-4668-BE54-9A1E7A4F7556}") = "Exercicio06ConsoleApp1", "..\Exercicio06ConsoleApp1\Exercicio06ConsoleApp1\Exercicio06ConsoleApp1.csproj", "{414D3FB6-AF7C-4AB3-B034-280718B5264C}"
EndProject
Project("{9A19103F-16F7-4668-BE54-9A1E7A4F7556}") = "exercicio06", "exercicio06\exercicio06.csproj", "{2D34F344-9A03-4667-832B-98C20037B154}"
EndProject
Project("{9A19103F-16F7-4668-BE54-9A1E7A4F7556}") = "exercicio07.ConsoleApp", "exercicio07.ConsoleApp\exercicio07.ConsoleApp.csproj", "{795A01EB-6FC7-4EB5-8996-D83ED5DBBACA}"
EndProject
Project("{9A19103F-16F7-4668-BE54-9A1E7A4F7556}") = "Exercicio08.ConsoleApp", "Exercicio08.ConsoleApp\Exercicio08.ConsoleApp.csproj", "{02E78E8F-447D-402F-BE65-D7F91904616A}"
EndProject
Project("{FAE04EC0-301F-11D3-BF4B-00C04F79EFBC}") = "Exercicio09.ConsoleApp", "Exercicio09.ConsoleApp\Exercicio09.ConsoleApp.csproj", "{C4491469-292E-40B1-BC31-51AF1B944C95}"
EndProject
Project("{FAE04EC0-301F-11D3-BF4B-00C04F79EFBC}") = "Exercicio10.ConsoleApp", "Exercicio10.ConsoleApp\Exercicio10.ConsoleApp.csproj", "{919E41F9-07D7-4028-845E-8563B357C67B}"
EndProject
Project("{FAE04EC0-301F-11D3-BF4B-00C04F79EFBC}") = "Exercicio11.ConsoleApp", "Exercicio11.ConsoleApp\Exercicio11.ConsoleApp.csproj", "{AD0E6BF5-DD3C-4DB2-858F-D50CE992BDEC}"
EndProject
Project("{FAE04EC0-301F-11D3-BF4B-00C04F79EFBC}") = "Exercicio12.ConsoleApp", "Exercicio12.ConsoleApp\Exercicio12.ConsoleApp.csproj", "{A878A252-2CA8-4221-96CB-DE05D5520661}"
EndProject
Project("{FAE04EC0-301F-11D3-BF4B-00C04F79EFBC}") = "Exercicio13.ConsoleApp", "Exercicio13.ConsoleApp\Exercicio13.ConsoleApp.csproj", "{2179909A-0D12-4D26-B09F-B4656DF88A8E}"
EndProject
Project("{FAE04EC0-301F-11D3-BF4B-00C04F79EFBC}") = "Exercicio14ConsoleApp", "Exercicio14ConsoleApp\Exercicio14ConsoleApp.csproj", "{65979FC5-9894-4C7C-B02B-E399AE8EEF5D}"
EndProject
Project("{FAE04EC0-301F-11D3-BF4B-00C04F79EFBC}") = "Exercicio15.ConsoleApp", "Exercicio15.ConsoleApp\Exercicio15.ConsoleApp.csproj", "{D48E3E9E-0645-4CBF-A001-88666C4DA797}"
EndProject
Project("{FAE04EC0-301F-11D3-BF4B-00C04F79EFBC}") = "Exe16.ConsoleApp", "Exe16.ConsoleApp\Exe16.ConsoleApp.csproj", "{D680F4B4-4CF2-48BF-826E-F34516659F91}"
EndProject
Project("{FAE04EC0-301F-11D3-BF4B-00C04F79EFBC}") = "Exe17.ConsoleApp", "Exe17.ConsoleApp\Exe17.ConsoleApp.csproj", "{42E70023-00A9-480D-AA59-44D62F3753FD}"
EndProject
Project("{FAE04EC0-301F-11D3-BF4B-00C04F79EFBC}") = "Exercicio19.ConsoleApp", "Exercicio19.ConsoleApp\Exercicio19.ConsoleApp.csproj", "{A9AAF887-71C2-4D38-99A1-9051CAA52C2F}"
EndProject
Project("{FAE04EC0-301F-11D3-BF4B-00C04F79EFBC}") = "Exercicio.18ConsoleApp", "Exercicio.18ConsoleApp\Exercicio.18ConsoleApp.csproj", "{2AB47B3C-28CB-4133-8494-533E0A325827}"
EndProject
Project("{FAE04EC0-301F-11D3-BF4B-00C04F79EFBC}") = "Exercicio20.ConsoleApp", "Exercicio20.ConsoleApp\Exercicio20.ConsoleApp.csproj", "{9E860D9D-C0B3-4175-8381-265D3F8E6C02}"
EndProject
Project("{FAE04EC0-301F-11D3-BF4B-00C04F79EFBC}") = "Exercicio21.ConsoleApp", "Exercicio21.ConsoleApp\Exercicio21.ConsoleApp.csproj", "{3DCEC4E0-6D29-40F1-8E29-57B762DE0182}"
EndProject
Project("{FAE04EC0-301F-11D3-BF4B-00C04F79EFBC}") = "Exercicio22.ConsoleApp", "Exercicio22.ConsoleApp\Exercicio22.ConsoleApp.csproj", "{98487AD9-0C74-42A6-A983-9F8DB925EA6C}"
EndProject
Project("{FAE04EC0-301F-11D3-BF4B-00C04F79EFBC}") = "Exercicio23.ConsoleApp", "Exercicio23.ConsoleApp\Exercicio23.ConsoleApp.csproj", "{821BEED7-EF2A-4459-AA51-368CD294AE91}"
EndProject
Global
	GlobalSection(SolutionConfigurationPlatforms) = preSolution
		Debug|Any CPU = Debug|Any CPU
		Release|Any CPU = Release|Any CPU
	EndGlobalSection
	GlobalSection(ProjectConfigurationPlatforms) = postSolution
		{91CB8AD9-0FF6-4F7D-8094-39670493B475}.Debug|Any CPU.ActiveCfg = Debug|Any CPU
		{91CB8AD9-0FF6-4F7D-8094-39670493B475}.Debug|Any CPU.Build.0 = Debug|Any CPU
		{91CB8AD9-0FF6-4F7D-8094-39670493B475}.Release|Any CPU.ActiveCfg = Release|Any CPU
		{91CB8AD9-0FF6-4F7D-8094-39670493B475}.Release|Any CPU.Build.0 = Release|Any CPU
		{9E2DEA6C-890D-4D2F-9DF0-EB0CF0E36A54}.Debug|Any CPU.ActiveCfg = Debug|Any CPU
		{9E2DEA6C-890D-4D2F-9DF0-EB0CF0E36A54}.Debug|Any CPU.Build.0 = Debug|Any CPU
		{9E2DEA6C-890D-4D2F-9DF0-EB0CF0E36A54}.Release|Any CPU.ActiveCfg = Release|Any CPU
		{9E2DEA6C-890D-4D2F-9DF0-EB0CF0E36A54}.Release|Any CPU.Build.0 = Release|Any CPU
		{414D3FB6-AF7C-4AB3-B034-280718B5264C}.Debug|Any CPU.ActiveCfg = Debug|Any CPU
		{414D3FB6-AF7C-4AB3-B034-280718B5264C}.Debug|Any CPU.Build.0 = Debug|Any CPU
		{414D3FB6-AF7C-4AB3-B034-280718B5264C}.Release|Any CPU.ActiveCfg = Release|Any CPU
		{414D3FB6-AF7C-4AB3-B034-280718B5264C}.Release|Any CPU.Build.0 = Release|Any CPU
		{2D34F344-9A03-4667-832B-98C20037B154}.Debug|Any CPU.ActiveCfg = Debug|Any CPU
		{2D34F344-9A03-4667-832B-98C20037B154}.Debug|Any CPU.Build.0 = Debug|Any CPU
		{2D34F344-9A03-4667-832B-98C20037B154}.Release|Any CPU.ActiveCfg = Release|Any CPU
		{2D34F344-9A03-4667-832B-98C20037B154}.Release|Any CPU.Build.0 = Release|Any CPU
		{795A01EB-6FC7-4EB5-8996-D83ED5DBBACA}.Debug|Any CPU.ActiveCfg = Debug|Any CPU
		{795A01EB-6FC7-4EB5-8996-D83ED5DBBACA}.Debug|Any CPU.Build.0 = Debug|Any CPU
		{795A01EB-6FC7-4EB5-8996-D83ED5DBBACA}.Release|Any CPU.ActiveCfg = Release|Any CPU
		{795A01EB-6FC7-4EB5-8996-D83ED5DBBACA}.Release|Any CPU.Build.0 = Release|Any CPU
		{02E78E8F-447D-402F-BE65-D7F91904616A}.Debug|Any CPU.ActiveCfg = Debug|Any CPU
		{02E78E8F-447D-402F-BE65-D7F91904616A}.Debug|Any CPU.Build.0 = Debug|Any CPU
		{02E78E8F-447D-402F-BE65-D7F91904616A}.Release|Any CPU.ActiveCfg = Release|Any CPU
		{02E78E8F-447D-402F-BE65-D7F91904616A}.Release|Any CPU.Build.0 = Release|Any CPU
		{C4491469-292E-40B1-BC31-51AF1B944C95}.Debug|Any CPU.ActiveCfg = Debug|Any CPU
		{C4491469-292E-40B1-BC31-51AF1B944C95}.Debug|Any CPU.Build.0 = Debug|Any CPU
		{C4491469-292E-40B1-BC31-51AF1B944C95}.Release|Any CPU.ActiveCfg = Release|Any CPU
		{C4491469-292E-40B1-BC31-51AF1B944C95}.Release|Any CPU.Build.0 = Release|Any CPU
		{919E41F9-07D7-4028-845E-8563B357C67B}.Debug|Any CPU.ActiveCfg = Debug|Any CPU
		{919E41F9-07D7-4028-845E-8563B357C67B}.Debug|Any CPU.Build.0 = Debug|Any CPU
		{919E41F9-07D7-4028-845E-8563B357C67B}.Release|Any CPU.ActiveCfg = Release|Any CPU
		{919E41F9-07D7-4028-845E-8563B357C67B}.Release|Any CPU.Build.0 = Release|Any CPU
		{AD0E6BF5-DD3C-4DB2-858F-D50CE992BDEC}.Debug|Any CPU.ActiveCfg = Debug|Any CPU
		{AD0E6BF5-DD3C-4DB2-858F-D50CE992BDEC}.Debug|Any CPU.Build.0 = Debug|Any CPU
		{AD0E6BF5-DD3C-4DB2-858F-D50CE992BDEC}.Release|Any CPU.ActiveCfg = Release|Any CPU
		{AD0E6BF5-DD3C-4DB2-858F-D50CE992BDEC}.Release|Any CPU.Build.0 = Release|Any CPU
		{A878A252-2CA8-4221-96CB-DE05D5520661}.Debug|Any CPU.ActiveCfg = Debug|Any CPU
		{A878A252-2CA8-4221-96CB-DE05D5520661}.Debug|Any CPU.Build.0 = Debug|Any CPU
		{A878A252-2CA8-4221-96CB-DE05D5520661}.Release|Any CPU.ActiveCfg = Release|Any CPU
		{A878A252-2CA8-4221-96CB-DE05D5520661}.Release|Any CPU.Build.0 = Release|Any CPU
		{2179909A-0D12-4D26-B09F-B4656DF88A8E}.Debug|Any CPU.ActiveCfg = Debug|Any CPU
		{2179909A-0D12-4D26-B09F-B4656DF88A8E}.Debug|Any CPU.Build.0 = Debug|Any CPU
		{2179909A-0D12-4D26-B09F-B4656DF88A8E}.Release|Any CPU.ActiveCfg = Release|Any CPU
		{2179909A-0D12-4D26-B09F-B4656DF88A8E}.Release|Any CPU.Build.0 = Release|Any CPU
		{65979FC5-9894-4C7C-B02B-E399AE8EEF5D}.Debug|Any CPU.ActiveCfg = Debug|Any CPU
		{65979FC5-9894-4C7C-B02B-E399AE8EEF5D}.Debug|Any CPU.Build.0 = Debug|Any CPU
		{65979FC5-9894-4C7C-B02B-E399AE8EEF5D}.Release|Any CPU.ActiveCfg = Release|Any CPU
		{65979FC5-9894-4C7C-B02B-E399AE8EEF5D}.Release|Any CPU.Build.0 = Release|Any CPU
		{D48E3E9E-0645-4CBF-A001-88666C4DA797}.Debug|Any CPU.ActiveCfg = Debug|Any CPU
		{D48E3E9E-0645-4CBF-A001-88666C4DA797}.Debug|Any CPU.Build.0 = Debug|Any CPU
		{D48E3E9E-0645-4CBF-A001-88666C4DA797}.Release|Any CPU.ActiveCfg = Release|Any CPU
		{D48E3E9E-0645-4CBF-A001-88666C4DA797}.Release|Any CPU.Build.0 = Release|Any CPU
		{D680F4B4-4CF2-48BF-826E-F34516659F91}.Debug|Any CPU.ActiveCfg = Debug|Any CPU
		{D680F4B4-4CF2-48BF-826E-F34516659F91}.Debug|Any CPU.Build.0 = Debug|Any CPU
		{D680F4B4-4CF2-48BF-826E-F34516659F91}.Release|Any CPU.ActiveCfg = Release|Any CPU
		{D680F4B4-4CF2-48BF-826E-F34516659F91}.Release|Any CPU.Build.0 = Release|Any CPU
		{42E70023-00A9-480D-AA59-44D62F3753FD}.Debug|Any CPU.ActiveCfg = Debug|Any CPU
		{42E70023-00A9-480D-AA59-44D62F3753FD}.Debug|Any CPU.Build.0 = Debug|Any CPU
		{42E70023-00A9-480D-AA59-44D62F3753FD}.Release|Any CPU.ActiveCfg = Release|Any CPU
		{42E70023-00A9-480D-AA59-44D62F3753FD}.Release|Any CPU.Build.0 = Release|Any CPU
		{A9AAF887-71C2-4D38-99A1-9051CAA52C2F}.Debug|Any CPU.ActiveCfg = Debug|Any CPU
		{A9AAF887-71C2-4D38-99A1-9051CAA52C2F}.Debug|Any CPU.Build.0 = Debug|Any CPU
		{A9AAF887-71C2-4D38-99A1-9051CAA52C2F}.Release|Any CPU.ActiveCfg = Release|Any CPU
		{A9AAF887-71C2-4D38-99A1-9051CAA52C2F}.Release|Any CPU.Build.0 = Release|Any CPU
		{2AB47B3C-28CB-4133-8494-533E0A325827}.Debug|Any CPU.ActiveCfg = Debug|Any CPU
		{2AB47B3C-28CB-4133-8494-533E0A325827}.Debug|Any CPU.Build.0 = Debug|Any CPU
		{2AB47B3C-28CB-4133-8494-533E0A325827}.Release|Any CPU.ActiveCfg = Release|Any CPU
		{2AB47B3C-28CB-4133-8494-533E0A325827}.Release|Any CPU.Build.0 = Release|Any CPU
		{9E860D9D-C0B3-4175-8381-265D3F8E6C02}.Debug|Any CPU.ActiveCfg = Debug|Any CPU
		{9E860D9D-C0B3-4175-8381-265D3F8E6C02}.Debug|Any CPU.Build.0 = Debug|Any CPU
		{9E860D9D-C0B3-4175-8381-265D3F8E6C02}.Release|Any CPU.ActiveCfg = Release|Any CPU
		{9E860D9D-C0B3-4175-8381-265D3F8E6C02}.Release|Any CPU.Build.0 = Release|Any CPU
		{3DCEC4E0-6D29-40F1-8E29-57B762DE0182}.Debug|Any CPU.ActiveCfg = Debug|Any CPU
		{3DCEC4E0-6D29-40F1-8E29-57B762DE0182}.Debug|Any CPU.Build.0 = Debug|Any CPU
		{3DCEC4E0-6D29-40F1-8E29-57B762DE0182}.Release|Any CPU.ActiveCfg = Release|Any CPU
		{3DCEC4E0-6D29-40F1-8E29-57B762DE0182}.Release|Any CPU.Build.0 = Release|Any CPU
		{98487AD9-0C74-42A6-A983-9F8DB925EA6C}.Debug|Any CPU.ActiveCfg = Debug|Any CPU
		{98487AD9-0C74-42A6-A983-9F8DB925EA6C}.Debug|Any CPU.Build.0 = Debug|Any CPU
		{98487AD9-0C74-42A6-A983-9F8DB925EA6C}.Release|Any CPU.ActiveCfg = Release|Any CPU
		{98487AD9-0C74-42A6-A983-9F8DB925EA6C}.Release|Any CPU.Build.0 = Release|Any CPU
		{821BEED7-EF2A-4459-AA51-368CD294AE91}.Debug|Any CPU.ActiveCfg = Debug|Any CPU
		{821BEED7-EF2A-4459-AA51-368CD294AE91}.Debug|Any CPU.Build.0 = Debug|Any CPU
		{821BEED7-EF2A-4459-AA51-368CD294AE91}.Release|Any CPU.ActiveCfg = Release|Any CPU
		{821BEED7-EF2A-4459-AA51-368CD294AE91}.Release|Any CPU.Build.0 = Release|Any CPU
	EndGlobalSection
	GlobalSection(SolutionProperties) = preSolution
		HideSolutionNode = FALSE
	EndGlobalSection
	GlobalSection(ExtensibilityGlobals) = postSolution
		SolutionGuid = {20A1B146-FC20-457C-90B3-F2EE156DB3A5}
	EndGlobalSection
EndGlobal
