
Microsoft Visual Studio Solution File, Format Version 12.00
# Visual Studio Version 17
VisualStudioVersion = 17.9.34701.34
MinimumVisualStudioVersion = 10.0.40219.1
Project("{FAE04EC0-301F-11D3-BF4B-00C04F79EFBC}") = "Exercicio01.ConsoleApp", "Exercicio01.ConsoleApp\Exercicio01.ConsoleApp.csproj", "{91CB8AD9-0FF6-4F7D-8094-39670493B475}"
EndProject
Project("{FAE04EC0-301F-11D3-BF4B-00C04F79EFBC}") = "Exercicio02.ConsoleApp", "Exercicio02.ConsoleApp\Exercicio02.ConsoleApp.csproj", "{9E2DEA6C-890D-4D2F-9DF0-EB0CF0E36A54}"
EndProject
Global
	GlobalSection(SolutionConfigurationPlatforms) = preSolution
		Debug|Any CPU = Debug|Any CPU
		Release|Any CPU = Release|Any CPU
	EndGlobalSection
	GlobalSection(ProjectConfigurationPlatforms) = postSolution
		{91CB8AD9-0FF6-4F7D-8094-39670493B475}.Debug|Any CPU.ActiveCfg = Debug|Any CPU
		{91CB8AD9-0FF6-4F7D-8094-39670493B475}.Debug|Any CPU.Build.0 = Debug|Any CPU
		{91CB8AD9-0FF6-4F7D-8094-39670493B475}.Release|Any CPU.ActiveCfg = Release|Any CPU
		{91CB8AD9-0FF6-4F7D-8094-39670493B475}.Release|Any CPU.Build.0 = Release|Any CPU
		{9E2DEA6C-890D-4D2F-9DF0-EB0CF0E36A54}.Debug|Any CPU.ActiveCfg = Debug|Any CPU
		{9E2DEA6C-890D-4D2F-9DF0-EB0CF0E36A54}.Debug|Any CPU.Build.0 = Debug|Any CPU
		{9E2DEA6C-890D-4D2F-9DF0-EB0CF0E36A54}.Release|Any CPU.ActiveCfg = Release|Any CPU
		{9E2DEA6C-890D-4D2F-9DF0-EB0CF0E36A54}.Release|Any CPU.Build.0 = Release|Any CPU
	EndGlobalSection
	GlobalSection(SolutionProperties) = preSolution
		HideSolutionNode = FALSE
	EndGlobalSection
	GlobalSection(ExtensibilityGlobals) = postSolution
		SolutionGuid = {20A1B146-FC20-457C-90B3-F2EE156DB3A5}
	EndGlobalSection
EndGlobal
